
Microsoft Visual Studio Solution File, Format Version 12.00
Project("{FAE04EC0-301F-11D3-BF4B-00C04F79EFBC}") = "GreenhouseFactoryService", "GreenhouseFactoryService\GreenhouseFactoryService.csproj", "{A28322A4-7AAE-4831-8253-03AF4A3F9BF9}"
EndProject
Project("{FAE04EC0-301F-11D3-BF4B-00C04F79EFBC}") = "Application", "Application\Application.csproj", "{F95AE18C-883E-4C13-BB5A-30D9FABCB9CC}"
EndProject
Project("{FAE04EC0-301F-11D3-BF4B-00C04F79EFBC}") = "Data", "Data\Data.csproj", "{1DAE99BE-F7B1-48C8-A752-F0C813AF91A1}"
EndProject
Global
	GlobalSection(SolutionConfigurationPlatforms) = preSolution
		Debug|Any CPU = Debug|Any CPU
		Release|Any CPU = Release|Any CPU
	EndGlobalSection
	GlobalSection(ProjectConfigurationPlatforms) = postSolution
		{A28322A4-7AAE-4831-8253-03AF4A3F9BF9}.Debug|Any CPU.ActiveCfg = Debug|Any CPU
		{A28322A4-7AAE-4831-8253-03AF4A3F9BF9}.Debug|Any CPU.Build.0 = Debug|Any CPU
		{A28322A4-7AAE-4831-8253-03AF4A3F9BF9}.Release|Any CPU.ActiveCfg = Release|Any CPU
		{A28322A4-7AAE-4831-8253-03AF4A3F9BF9}.Release|Any CPU.Build.0 = Release|Any CPU
		{F95AE18C-883E-4C13-BB5A-30D9FABCB9CC}.Debug|Any CPU.ActiveCfg = Debug|Any CPU
		{F95AE18C-883E-4C13-BB5A-30D9FABCB9CC}.Debug|Any CPU.Build.0 = Debug|Any CPU
		{F95AE18C-883E-4C13-BB5A-30D9FABCB9CC}.Release|Any CPU.ActiveCfg = Release|Any CPU
		{F95AE18C-883E-4C13-BB5A-30D9FABCB9CC}.Release|Any CPU.Build.0 = Release|Any CPU
		{1DAE99BE-F7B1-48C8-A752-F0C813AF91A1}.Debug|Any CPU.ActiveCfg = Debug|Any CPU
		{1DAE99BE-F7B1-48C8-A752-F0C813AF91A1}.Debug|Any CPU.Build.0 = Debug|Any CPU
		{1DAE99BE-F7B1-48C8-A752-F0C813AF91A1}.Release|Any CPU.ActiveCfg = Release|Any CPU
		{1DAE99BE-F7B1-48C8-A752-F0C813AF91A1}.Release|Any CPU.Build.0 = Release|Any CPU
	EndGlobalSection
	GlobalSection(NestedProjects) = preSolution
	EndGlobalSection
EndGlobal
