
Microsoft Visual Studio Solution File, Format Version 12.00
Project("{FAE04EC0-301F-11D3-BF4B-00C04F79EFBC}") = "SoilMoistureService", "SoilMoistureService\SoilMoistureService.csproj", "{4859E5E7-E884-4A99-9E7A-A8184A2959C6}"
EndProject
Project("{FAE04EC0-301F-11D3-BF4B-00C04F79EFBC}") = "Application", "Application\Application.csproj", "{FCF17E01-DCAF-444A-BD00-23D19D61FE4C}"
EndProject
Project("{FAE04EC0-301F-11D3-BF4B-00C04F79EFBC}") = "Domain", "Domain\Domain.csproj", "{10949C4A-EBDA-436D-9202-5342703353E1}"
EndProject
Project("{2150E333-8FDC-42A3-9474-1A3956D46DE8}") = "Infrastructure", "Infrastructure", "{42E9BBE2-CD9D-4AF7-85AC-B6A7EA86460E}"
EndProject
Project("{FAE04EC0-301F-11D3-BF4B-00C04F79EFBC}") = "Messaging", "Messaging\Messaging.csproj", "{F6942268-0D9F-4CA2-A7FC-4C304449A627}"
EndProject
Global
	GlobalSection(SolutionConfigurationPlatforms) = preSolution
		Debug|Any CPU = Debug|Any CPU
		Release|Any CPU = Release|Any CPU
	EndGlobalSection
	GlobalSection(ProjectConfigurationPlatforms) = postSolution
		{4859E5E7-E884-4A99-9E7A-A8184A2959C6}.Debug|Any CPU.ActiveCfg = Debug|Any CPU
		{4859E5E7-E884-4A99-9E7A-A8184A2959C6}.Debug|Any CPU.Build.0 = Debug|Any CPU
		{4859E5E7-E884-4A99-9E7A-A8184A2959C6}.Release|Any CPU.ActiveCfg = Release|Any CPU
		{4859E5E7-E884-4A99-9E7A-A8184A2959C6}.Release|Any CPU.Build.0 = Release|Any CPU
		{FCF17E01-DCAF-444A-BD00-23D19D61FE4C}.Debug|Any CPU.ActiveCfg = Debug|Any CPU
		{FCF17E01-DCAF-444A-BD00-23D19D61FE4C}.Debug|Any CPU.Build.0 = Debug|Any CPU
		{FCF17E01-DCAF-444A-BD00-23D19D61FE4C}.Release|Any CPU.ActiveCfg = Release|Any CPU
		{FCF17E01-DCAF-444A-BD00-23D19D61FE4C}.Release|Any CPU.Build.0 = Release|Any CPU
		{10949C4A-EBDA-436D-9202-5342703353E1}.Debug|Any CPU.ActiveCfg = Debug|Any CPU
		{10949C4A-EBDA-436D-9202-5342703353E1}.Debug|Any CPU.Build.0 = Debug|Any CPU
		{10949C4A-EBDA-436D-9202-5342703353E1}.Release|Any CPU.ActiveCfg = Release|Any CPU
		{10949C4A-EBDA-436D-9202-5342703353E1}.Release|Any CPU.Build.0 = Release|Any CPU
		{F6942268-0D9F-4CA2-A7FC-4C304449A627}.Debug|Any CPU.ActiveCfg = Debug|Any CPU
		{F6942268-0D9F-4CA2-A7FC-4C304449A627}.Debug|Any CPU.Build.0 = Debug|Any CPU
		{F6942268-0D9F-4CA2-A7FC-4C304449A627}.Release|Any CPU.ActiveCfg = Release|Any CPU
		{F6942268-0D9F-4CA2-A7FC-4C304449A627}.Release|Any CPU.Build.0 = Release|Any CPU
	EndGlobalSection
	GlobalSection(NestedProjects) = preSolution
		{F6942268-0D9F-4CA2-A7FC-4C304449A627} = {42E9BBE2-CD9D-4AF7-85AC-B6A7EA86460E}
	EndGlobalSection
EndGlobal
